// !$*UTF8*$!
{
	archiveVersion = 1;
	classes = {
	};
	objectVersion = 77;
	objects = {

/* Begin PBXBuildFile section */
		C66E32142D6A0BCA00920570 /* Assets.xcassets in Resources */ = {isa = PBXBuildFile; fileRef = C66E320D2D6A0BCA00920570 /* Assets.xcassets */; };
		C66E32162D6A0BCA00920570 /* LaunchScreen.storyboard in Resources */ = {isa = PBXBuildFile; fileRef = C66E32102D6A0BCA00920570 /* LaunchScreen.storyboard */; };
		C66E32172D6A0BCA00920570 /* AppDelegate.swift in Sources */ = {isa = PBXBuildFile; fileRef = C66E320C2D6A0BCA00920570 /* AppDelegate.swift */; };
		C66E32182D6A0BCA00920570 /* SceneDelegate.swift in Sources */ = {isa = PBXBuildFile; fileRef = C66E32112D6A0BCA00920570 /* SceneDelegate.swift */; };
		C66E32192D6A0BCA00920570 /* HomeVC.swift in Sources */ = {isa = PBXBuildFile; fileRef = C66E32122D6A0BCA00920570 /* HomeVC.swift */; };
		C66E32202D6A200100920570 /* TabBarVC.swift in Sources */ = {isa = PBXBuildFile; fileRef = C66E321F2D6A200100920570 /* TabBarVC.swift */; };
		C66E32222D6A22C100920570 /* ProfileVC.swift in Sources */ = {isa = PBXBuildFile; fileRef = C66E32212D6A22C100920570 /* ProfileVC.swift */; };
		C66E32292D6A269900920570 /* Localizable.strings in Resources */ = {isa = PBXBuildFile; fileRef = C66E32272D6A269900920570 /* Localizable.strings */; };
		C66E322C2D6A2EAD00920570 /* ProgramsVC.swift in Sources */ = {isa = PBXBuildFile; fileRef = C66E322B2D6A2EAD00920570 /* ProgramsVC.swift */; };
		C66E322E2D6A33C500920570 /* ParksVC.swift in Sources */ = {isa = PBXBuildFile; fileRef = C66E322D2D6A33C500920570 /* ParksVC.swift */; };
		C66E32302D6A33D800920570 /* AddParksVC.swift in Sources */ = {isa = PBXBuildFile; fileRef = C66E322F2D6A33D800920570 /* AddParksVC.swift */; };
		C66E323E2D6A46CD00920570 /* PackageService.swift in Sources */ = {isa = PBXBuildFile; fileRef = C66E323D2D6A46CD00920570 /* PackageService.swift */; };
		C66E32422D6A495500920570 /* URLEndpoints.swift in Sources */ = {isa = PBXBuildFile; fileRef = C66E32412D6A495500920570 /* URLEndpoints.swift */; };
		C66E32442D6A634D00920570 /* ProgramsVM.swift in Sources */ = {isa = PBXBuildFile; fileRef = C66E32432D6A634D00920570 /* ProgramsVM.swift */; };
		C66E32462D6A72B900920570 /* CoachingService.swift in Sources */ = {isa = PBXBuildFile; fileRef = C66E32452D6A72B900920570 /* CoachingService.swift */; };
		C66E324B2D6A9B9200920570 /* ReviewService.swift in Sources */ = {isa = PBXBuildFile; fileRef = C66E324A2D6A9B9200920570 /* ReviewService.swift */; };
		C696C9C62D72857F006A1EE6 /* GetToken.swift in Sources */ = {isa = PBXBuildFile; fileRef = C696C9C52D72857F006A1EE6 /* GetToken.swift */; };
		C696C9C82D7376FC006A1EE6 /* WebVC.swift in Sources */ = {isa = PBXBuildFile; fileRef = C696C9C72D7376FC006A1EE6 /* WebVC.swift */; };
		C696C9CA2D73C049006A1EE6 /* ColorHelper.swift in Sources */ = {isa = PBXBuildFile; fileRef = C696C9C92D73C049006A1EE6 /* ColorHelper.swift */; };
		C696C9CC2D749D85006A1EE6 /* PackageCell.swift in Sources */ = {isa = PBXBuildFile; fileRef = C696C9CB2D749D85006A1EE6 /* PackageCell.swift */; };
		C696C9CE2D749D8E006A1EE6 /* PackageCell.xib in Resources */ = {isa = PBXBuildFile; fileRef = C696C9CD2D749D8E006A1EE6 /* PackageCell.xib */; };
		C6B9451C2D74D99500DC899A /* Privacy.plist in Resources */ = {isa = PBXBuildFile; fileRef = C6B9451B2D74D99500DC899A /* Privacy.plist */; };
		C6F5F0922D6F3918005F3B1F /* PicturesService.swift in Sources */ = {isa = PBXBuildFile; fileRef = C6F5F0912D6F3918005F3B1F /* PicturesService.swift */; };
		C6F5F0952D6FB029005F3B1F /* CoachingCell.swift in Sources */ = {isa = PBXBuildFile; fileRef = C6F5F0932D6FB029005F3B1F /* CoachingCell.swift */; };
		C6F5F0962D6FB029005F3B1F /* CoachingCell.xib in Resources */ = {isa = PBXBuildFile; fileRef = C6F5F0942D6FB029005F3B1F /* CoachingCell.xib */; };
		C6F5F0982D6FBAD5005F3B1F /* ProgramsContentView.xib in Resources */ = {isa = PBXBuildFile; fileRef = C6F5F0972D6FBAD5005F3B1F /* ProgramsContentView.xib */; };
		C6F5F09D2D7088BB005F3B1F /* ImageLoader.swift in Sources */ = {isa = PBXBuildFile; fileRef = C6F5F09C2D7088BB005F3B1F /* ImageLoader.swift */; };
		C6F5F0A02D70B0CA005F3B1F /* HapticFeedback.swift in Sources */ = {isa = PBXBuildFile; fileRef = C6F5F09F2D70B0CA005F3B1F /* HapticFeedback.swift */; };
		F3B2AAD2BA14CC1063F37E8B /* Pods_UlusoyWorkout.framework in Frameworks */ = {isa = PBXBuildFile; fileRef = 50FB6B3E70E35C7D4E94E71F /* Pods_UlusoyWorkout.framework */; };
/* End PBXBuildFile section */

/* Begin PBXFileReference section */
		50FB6B3E70E35C7D4E94E71F /* Pods_UlusoyWorkout.framework */ = {isa = PBXFileReference; explicitFileType = wrapper.framework; includeInIndex = 0; path = Pods_UlusoyWorkout.framework; sourceTree = BUILT_PRODUCTS_DIR; };
		A5D445FF3395B478F5AE5AF2 /* Pods-UlusoyWorkout.debug.xcconfig */ = {isa = PBXFileReference; includeInIndex = 1; lastKnownFileType = text.xcconfig; name = "Pods-UlusoyWorkout.debug.xcconfig"; path = "Target Support Files/Pods-UlusoyWorkout/Pods-UlusoyWorkout.debug.xcconfig"; sourceTree = "<group>"; };
		C66E31F42D6A0B5100920570 /* UlusoyWorkout.app */ = {isa = PBXFileReference; explicitFileType = wrapper.application; includeInIndex = 0; path = UlusoyWorkout.app; sourceTree = BUILT_PRODUCTS_DIR; };
		C66E320C2D6A0BCA00920570 /* AppDelegate.swift */ = {isa = PBXFileReference; lastKnownFileType = sourcecode.swift; path = AppDelegate.swift; sourceTree = "<group>"; };
		C66E320D2D6A0BCA00920570 /* Assets.xcassets */ = {isa = PBXFileReference; lastKnownFileType = folder.assetcatalog; path = Assets.xcassets; sourceTree = "<group>"; };
		C66E320E2D6A0BCA00920570 /* Info.plist */ = {isa = PBXFileReference; lastKnownFileType = text.plist.xml; path = Info.plist; sourceTree = "<group>"; };
		C66E320F2D6A0BCA00920570 /* Base */ = {isa = PBXFileReference; lastKnownFileType = file.storyboard; name = Base; path = Base.lproj/LaunchScreen.storyboard; sourceTree = "<group>"; };
		C66E32112D6A0BCA00920570 /* SceneDelegate.swift */ = {isa = PBXFileReference; lastKnownFileType = sourcecode.swift; path = SceneDelegate.swift; sourceTree = "<group>"; };
		C66E32122D6A0BCA00920570 /* HomeVC.swift */ = {isa = PBXFileReference; lastKnownFileType = sourcecode.swift; path = HomeVC.swift; sourceTree = "<group>"; };
		C66E321F2D6A200100920570 /* TabBarVC.swift */ = {isa = PBXFileReference; lastKnownFileType = sourcecode.swift; path = TabBarVC.swift; sourceTree = "<group>"; };
		C66E32212D6A22C100920570 /* ProfileVC.swift */ = {isa = PBXFileReference; lastKnownFileType = sourcecode.swift; path = ProfileVC.swift; sourceTree = "<group>"; };
		C66E32282D6A269900920570 /* en */ = {isa = PBXFileReference; lastKnownFileType = text.plist.strings; name = en; path = en.lproj/Localizable.strings; sourceTree = "<group>"; };
		C66E322A2D6A26A800920570 /* tr */ = {isa = PBXFileReference; lastKnownFileType = text.plist.strings; name = tr; path = tr.lproj/Localizable.strings; sourceTree = "<group>"; };
		C66E322B2D6A2EAD00920570 /* ProgramsVC.swift */ = {isa = PBXFileReference; lastKnownFileType = sourcecode.swift; path = ProgramsVC.swift; sourceTree = "<group>"; };
		C66E322D2D6A33C500920570 /* ParksVC.swift */ = {isa = PBXFileReference; lastKnownFileType = sourcecode.swift; path = ParksVC.swift; sourceTree = "<group>"; };
		C66E322F2D6A33D800920570 /* AddParksVC.swift */ = {isa = PBXFileReference; lastKnownFileType = sourcecode.swift; path = AddParksVC.swift; sourceTree = "<group>"; };
		C66E323D2D6A46CD00920570 /* PackageService.swift */ = {isa = PBXFileReference; lastKnownFileType = sourcecode.swift; path = PackageService.swift; sourceTree = "<group>"; };
		C66E32412D6A495500920570 /* URLEndpoints.swift */ = {isa = PBXFileReference; lastKnownFileType = sourcecode.swift; path = URLEndpoints.swift; sourceTree = "<group>"; };
		C66E32432D6A634D00920570 /* ProgramsVM.swift */ = {isa = PBXFileReference; lastKnownFileType = sourcecode.swift; path = ProgramsVM.swift; sourceTree = "<group>"; };
		C66E32452D6A72B900920570 /* CoachingService.swift */ = {isa = PBXFileReference; lastKnownFileType = sourcecode.swift; path = CoachingService.swift; sourceTree = "<group>"; };
		C66E324A2D6A9B9200920570 /* ReviewService.swift */ = {isa = PBXFileReference; lastKnownFileType = sourcecode.swift; path = ReviewService.swift; sourceTree = "<group>"; };
		C696C9C52D72857F006A1EE6 /* GetToken.swift */ = {isa = PBXFileReference; lastKnownFileType = sourcecode.swift; path = GetToken.swift; sourceTree = "<group>"; };
		C696C9C72D7376FC006A1EE6 /* WebVC.swift */ = {isa = PBXFileReference; lastKnownFileType = sourcecode.swift; path = WebVC.swift; sourceTree = "<group>"; };
		C696C9C92D73C049006A1EE6 /* ColorHelper.swift */ = {isa = PBXFileReference; lastKnownFileType = sourcecode.swift; path = ColorHelper.swift; sourceTree = "<group>"; };
		C696C9CB2D749D85006A1EE6 /* PackageCell.swift */ = {isa = PBXFileReference; lastKnownFileType = sourcecode.swift; path = PackageCell.swift; sourceTree = "<group>"; };
		C696C9CD2D749D8E006A1EE6 /* PackageCell.xib */ = {isa = PBXFileReference; lastKnownFileType = file.xib; path = PackageCell.xib; sourceTree = "<group>"; };
		C6B9451B2D74D99500DC899A /* Privacy.plist */ = {isa = PBXFileReference; lastKnownFileType = text.plist.xml; path = Privacy.plist; sourceTree = "<group>"; };
		C6F5F0912D6F3918005F3B1F /* PicturesService.swift */ = {isa = PBXFileReference; lastKnownFileType = sourcecode.swift; path = PicturesService.swift; sourceTree = "<group>"; };
		C6F5F0932D6FB029005F3B1F /* CoachingCell.swift */ = {isa = PBXFileReference; lastKnownFileType = sourcecode.swift; path = CoachingCell.swift; sourceTree = "<group>"; };
		C6F5F0942D6FB029005F3B1F /* CoachingCell.xib */ = {isa = PBXFileReference; lastKnownFileType = file.xib; path = CoachingCell.xib; sourceTree = "<group>"; };
		C6F5F0972D6FBAD5005F3B1F /* ProgramsContentView.xib */ = {isa = PBXFileReference; lastKnownFileType = file.xib; path = ProgramsContentView.xib; sourceTree = "<group>"; };
		C6F5F09C2D7088BB005F3B1F /* ImageLoader.swift */ = {isa = PBXFileReference; lastKnownFileType = sourcecode.swift; path = ImageLoader.swift; sourceTree = "<group>"; };
		C6F5F09F2D70B0CA005F3B1F /* HapticFeedback.swift */ = {isa = PBXFileReference; lastKnownFileType = sourcecode.swift; path = HapticFeedback.swift; sourceTree = "<group>"; };
		F571FD1989AF841C940CBA19 /* Pods-UlusoyWorkout.release.xcconfig */ = {isa = PBXFileReference; includeInIndex = 1; lastKnownFileType = text.xcconfig; name = "Pods-UlusoyWorkout.release.xcconfig"; path = "Target Support Files/Pods-UlusoyWorkout/Pods-UlusoyWorkout.release.xcconfig"; sourceTree = "<group>"; };
/* End PBXFileReference section */

/* Begin PBXFrameworksBuildPhase section */
		C66E31F12D6A0B5100920570 /* Frameworks */ = {
			isa = PBXFrameworksBuildPhase;
			buildActionMask = 2147483647;
			files = (
				F3B2AAD2BA14CC1063F37E8B /* Pods_UlusoyWorkout.framework in Frameworks */,
			);
			runOnlyForDeploymentPostprocessing = 0;
		};
/* End PBXFrameworksBuildPhase section */

/* Begin PBXGroup section */
		52CEE916F030F8E33BBA701B /* Frameworks */ = {
			isa = PBXGroup;
			children = (
				50FB6B3E70E35C7D4E94E71F /* Pods_UlusoyWorkout.framework */,
			);
			name = Frameworks;
			sourceTree = "<group>";
		};
		5F68F97F28CF0951265B7BF8 /* Pods */ = {
			isa = PBXGroup;
			children = (
				A5D445FF3395B478F5AE5AF2 /* Pods-UlusoyWorkout.debug.xcconfig */,
				F571FD1989AF841C940CBA19 /* Pods-UlusoyWorkout.release.xcconfig */,
			);
			path = Pods;
			sourceTree = "<group>";
		};
		C66E31EB2D6A0B5100920570 = {
			isa = PBXGroup;
			children = (
				C66E32132D6A0BCA00920570 /* UlusoyWorkout */,
				C66E31F52D6A0B5100920570 /* Products */,
				5F68F97F28CF0951265B7BF8 /* Pods */,
				52CEE916F030F8E33BBA701B /* Frameworks */,
			);
			sourceTree = "<group>";
		};
		C66E31F52D6A0B5100920570 /* Products */ = {
			isa = PBXGroup;
			children = (
				C66E31F42D6A0B5100920570 /* UlusoyWorkout.app */,
			);
			name = Products;
			sourceTree = "<group>";
		};
		C66E32132D6A0BCA00920570 /* UlusoyWorkout */ = {
			isa = PBXGroup;
			children = (
				C66E324E2D6B9BB800920570 /* Helper */,
				C66E321B2D6A140800920570 /* Resources */,
				C66E321A2D6A13FF00920570 /* App */,
				C66E323A2D6A431D00920570 /* Network */,
				C66E323C2D6A433800920570 /* ViewModel */,
				C66E321C2D6A141300920570 /* View */,
			);
			path = UlusoyWorkout;
			sourceTree = "<group>";
		};
		C66E321A2D6A13FF00920570 /* App */ = {
			isa = PBXGroup;
			children = (
				C66E320C2D6A0BCA00920570 /* AppDelegate.swift */,
				C66E32112D6A0BCA00920570 /* SceneDelegate.swift */,
			);
			path = App;
			sourceTree = "<group>";
		};
		C66E321B2D6A140800920570 /* Resources */ = {
			isa = PBXGroup;
			children = (
				C6B9451B2D74D99500DC899A /* Privacy.plist */,
				C696C9C52D72857F006A1EE6 /* GetToken.swift */,
				C66E320E2D6A0BCA00920570 /* Info.plist */,
				C66E320D2D6A0BCA00920570 /* Assets.xcassets */,
				C66E32102D6A0BCA00920570 /* LaunchScreen.storyboard */,
				C66E32272D6A269900920570 /* Localizable.strings */,
			);
			path = Resources;
			sourceTree = "<group>";
		};
		C66E321C2D6A141300920570 /* View */ = {
			isa = PBXGroup;
			children = (
				C66E321E2D6A143C00920570 /* CustomViews */,
				C66E321D2D6A141800920570 /* Controllers */,
			);
			path = View;
			sourceTree = "<group>";
		};
		C66E321D2D6A141800920570 /* Controllers */ = {
			isa = PBXGroup;
			children = (
				C66E321F2D6A200100920570 /* TabBarVC.swift */,
				C66E32122D6A0BCA00920570 /* HomeVC.swift */,
				C66E322D2D6A33C500920570 /* ParksVC.swift */,
				C66E322F2D6A33D800920570 /* AddParksVC.swift */,
				C66E322B2D6A2EAD00920570 /* ProgramsVC.swift */,
				C6F5F0972D6FBAD5005F3B1F /* ProgramsContentView.xib */,
				C66E32212D6A22C100920570 /* ProfileVC.swift */,
			);
			path = Controllers;
			sourceTree = "<group>";
		};
		C66E321E2D6A143C00920570 /* CustomViews */ = {
			isa = PBXGroup;
			children = (
				C6F5F0932D6FB029005F3B1F /* CoachingCell.swift */,
				C6F5F0942D6FB029005F3B1F /* CoachingCell.xib */,
				C696C9C72D7376FC006A1EE6 /* WebVC.swift */,
				C696C9CB2D749D85006A1EE6 /* PackageCell.swift */,
				C696C9CD2D749D8E006A1EE6 /* PackageCell.xib */,
			);
			path = CustomViews;
			sourceTree = "<group>";
		};
		C66E323A2D6A431D00920570 /* Network */ = {
			isa = PBXGroup;
			children = (
				C66E32412D6A495500920570 /* URLEndpoints.swift */,
				C66E323D2D6A46CD00920570 /* PackageService.swift */,
				C66E32452D6A72B900920570 /* CoachingService.swift */,
				C66E324A2D6A9B9200920570 /* ReviewService.swift */,
				C6F5F0912D6F3918005F3B1F /* PicturesService.swift */,
				C6F5F09C2D7088BB005F3B1F /* ImageLoader.swift */,
			);
			path = Network;
			sourceTree = "<group>";
		};
		C66E323C2D6A433800920570 /* ViewModel */ = {
			isa = PBXGroup;
			children = (
				C66E32432D6A634D00920570 /* ProgramsVM.swift */,
			);
			path = ViewModel;
			sourceTree = "<group>";
		};
		C66E324E2D6B9BB800920570 /* Helper */ = {
			isa = PBXGroup;
			children = (
				C6F5F09F2D70B0CA005F3B1F /* HapticFeedback.swift */,
				C696C9C92D73C049006A1EE6 /* ColorHelper.swift */,
			);
			path = Helper;
			sourceTree = "<group>";
		};
/* End PBXGroup section */

/* Begin PBXNativeTarget section */
		C66E31F32D6A0B5100920570 /* UlusoyWorkout */ = {
			isa = PBXNativeTarget;
			buildConfigurationList = C66E32072D6A0B5300920570 /* Build configuration list for PBXNativeTarget "UlusoyWorkout" */;
			buildPhases = (
				CD79D98CB74416CD2144BF22 /* [CP] Check Pods Manifest.lock */,
				C66E31F02D6A0B5100920570 /* Sources */,
				C66E31F12D6A0B5100920570 /* Frameworks */,
				C66E31F22D6A0B5100920570 /* Resources */,
				E565F8A5517EE175ECD79A81 /* [CP] Embed Pods Frameworks */,
			);
			buildRules = (
			);
			dependencies = (
			);
			name = UlusoyWorkout;
			productName = UlusoyWorkout;
			productReference = C66E31F42D6A0B5100920570 /* UlusoyWorkout.app */;
			productType = "com.apple.product-type.application";
		};
/* End PBXNativeTarget section */

/* Begin PBXProject section */
		C66E31EC2D6A0B5100920570 /* Project object */ = {
			isa = PBXProject;
			attributes = {
				BuildIndependentTargetsInParallel = 1;
				LastSwiftUpdateCheck = 1610;
				LastUpgradeCheck = 1610;
				TargetAttributes = {
					C66E31F32D6A0B5100920570 = {
						CreatedOnToolsVersion = 16.1;
					};
				};
			};
			buildConfigurationList = C66E31EF2D6A0B5100920570 /* Build configuration list for PBXProject "UlusoyWorkout" */;
			developmentRegion = en;
			hasScannedForEncodings = 0;
			knownRegions = (
				en,
				Base,
				tr,
			);
			mainGroup = C66E31EB2D6A0B5100920570;
			minimizedProjectReferenceProxies = 1;
			preferredProjectObjectVersion = 77;
			productRefGroup = C66E31F52D6A0B5100920570 /* Products */;
			projectDirPath = "";
			projectRoot = "";
			targets = (
				C66E31F32D6A0B5100920570 /* UlusoyWorkout */,
			);
		};
/* End PBXProject section */

/* Begin PBXResourcesBuildPhase section */
		C66E31F22D6A0B5100920570 /* Resources */ = {
			isa = PBXResourcesBuildPhase;
			buildActionMask = 2147483647;
			files = (
				C66E32142D6A0BCA00920570 /* Assets.xcassets in Resources */,
				C6F5F0962D6FB029005F3B1F /* CoachingCell.xib in Resources */,
				C66E32292D6A269900920570 /* Localizable.strings in Resources */,
				C66E32162D6A0BCA00920570 /* LaunchScreen.storyboard in Resources */,
				C6F5F0982D6FBAD5005F3B1F /* ProgramsContentView.xib in Resources */,
				C6B9451C2D74D99500DC899A /* Privacy.plist in Resources */,
				C696C9CE2D749D8E006A1EE6 /* PackageCell.xib in Resources */,
			);
			runOnlyForDeploymentPostprocessing = 0;
		};
/* End PBXResourcesBuildPhase section */

/* Begin PBXShellScriptBuildPhase section */
		CD79D98CB74416CD2144BF22 /* [CP] Check Pods Manifest.lock */ = {
			isa = PBXShellScriptBuildPhase;
			buildActionMask = 2147483647;
			files = (
			);
			inputFileListPaths = (
			);
			inputPaths = (
				"${PODS_PODFILE_DIR_PATH}/Podfile.lock",
				"${PODS_ROOT}/Manifest.lock",
			);
			name = "[CP] Check Pods Manifest.lock";
			outputFileListPaths = (
			);
			outputPaths = (
				"$(DERIVED_FILE_DIR)/Pods-UlusoyWorkout-checkManifestLockResult.txt",
			);
			runOnlyForDeploymentPostprocessing = 0;
			shellPath = /bin/sh;
			shellScript = "diff \"${PODS_PODFILE_DIR_PATH}/Podfile.lock\" \"${PODS_ROOT}/Manifest.lock\" > /dev/null\nif [ $? != 0 ] ; then\n    # print error to STDERR\n    echo \"error: The sandbox is not in sync with the Podfile.lock. Run 'pod install' or update your CocoaPods installation.\" >&2\n    exit 1\nfi\n# This output is used by Xcode 'outputs' to avoid re-running this script phase.\necho \"SUCCESS\" > \"${SCRIPT_OUTPUT_FILE_0}\"\n";
			showEnvVarsInLog = 0;
		};
		E565F8A5517EE175ECD79A81 /* [CP] Embed Pods Frameworks */ = {
			isa = PBXShellScriptBuildPhase;
			buildActionMask = 2147483647;
			files = (
			);
			inputFileListPaths = (
				"${PODS_ROOT}/Target Support Files/Pods-UlusoyWorkout/Pods-UlusoyWorkout-frameworks-${CONFIGURATION}-input-files.xcfilelist",
			);
			name = "[CP] Embed Pods Frameworks";
			outputFileListPaths = (
				"${PODS_ROOT}/Target Support Files/Pods-UlusoyWorkout/Pods-UlusoyWorkout-frameworks-${CONFIGURATION}-output-files.xcfilelist",
			);
			runOnlyForDeploymentPostprocessing = 0;
			shellPath = /bin/sh;
			shellScript = "\"${PODS_ROOT}/Target Support Files/Pods-UlusoyWorkout/Pods-UlusoyWorkout-frameworks.sh\"\n";
			showEnvVarsInLog = 0;
		};
/* End PBXShellScriptBuildPhase section */

/* Begin PBXSourcesBuildPhase section */
		C66E31F02D6A0B5100920570 /* Sources */ = {
			isa = PBXSourcesBuildPhase;
			buildActionMask = 2147483647;
			files = (
				C66E32442D6A634D00920570 /* ProgramsVM.swift in Sources */,
				C66E322E2D6A33C500920570 /* ParksVC.swift in Sources */,
				C6F5F0952D6FB029005F3B1F /* CoachingCell.swift in Sources */,
				C66E32222D6A22C100920570 /* ProfileVC.swift in Sources */,
				C66E32172D6A0BCA00920570 /* AppDelegate.swift in Sources */,
				C66E32422D6A495500920570 /* URLEndpoints.swift in Sources */,
				C6F5F09D2D7088BB005F3B1F /* ImageLoader.swift in Sources */,
				C66E32462D6A72B900920570 /* CoachingService.swift in Sources */,
				C66E32182D6A0BCA00920570 /* SceneDelegate.swift in Sources */,
				C66E32202D6A200100920570 /* TabBarVC.swift in Sources */,
				C696C9CC2D749D85006A1EE6 /* PackageCell.swift in Sources */,
				C66E322C2D6A2EAD00920570 /* ProgramsVC.swift in Sources */,
				C696C9CA2D73C049006A1EE6 /* ColorHelper.swift in Sources */,
				C6F5F0922D6F3918005F3B1F /* PicturesService.swift in Sources */,
				C66E32302D6A33D800920570 /* AddParksVC.swift in Sources */,
				C696C9C82D7376FC006A1EE6 /* WebVC.swift in Sources */,
				C66E32192D6A0BCA00920570 /* HomeVC.swift in Sources */,
				C696C9C62D72857F006A1EE6 /* GetToken.swift in Sources */,
				C66E323E2D6A46CD00920570 /* PackageService.swift in Sources */,
				C66E324B2D6A9B9200920570 /* ReviewService.swift in Sources */,
				C6F5F0A02D70B0CA005F3B1F /* HapticFeedback.swift in Sources */,
			);
			runOnlyForDeploymentPostprocessing = 0;
		};
/* End PBXSourcesBuildPhase section */

/* Begin PBXVariantGroup section */
		C66E32102D6A0BCA00920570 /* LaunchScreen.storyboard */ = {
			isa = PBXVariantGroup;
			children = (
				C66E320F2D6A0BCA00920570 /* Base */,
			);
			name = LaunchScreen.storyboard;
			sourceTree = "<group>";
		};
		C66E32272D6A269900920570 /* Localizable.strings */ = {
			isa = PBXVariantGroup;
			children = (
				C66E32282D6A269900920570 /* en */,
				C66E322A2D6A26A800920570 /* tr */,
			);
			name = Localizable.strings;
			sourceTree = "<group>";
		};
/* End PBXVariantGroup section */

/* Begin XCBuildConfiguration section */
		C66E32082D6A0B5300920570 /* Debug */ = {
			isa = XCBuildConfiguration;
			baseConfigurationReference = A5D445FF3395B478F5AE5AF2 /* Pods-UlusoyWorkout.debug.xcconfig */;
			buildSettings = {
				ASSETCATALOG_COMPILER_APPICON_NAME = AppIcon;
				ASSETCATALOG_COMPILER_GLOBAL_ACCENT_COLOR_NAME = AccentColor;
				CODE_SIGN_STYLE = Automatic;
				CURRENT_PROJECT_VERSION = 1;
				DEVELOPMENT_TEAM = DU4MNZ89TN;
				ENABLE_USER_SCRIPT_SANDBOXING = NO;
				GENERATE_INFOPLIST_FILE = YES;
				INFOPLIST_FILE = UlusoyWorkout/Resources/Info.plist;
				INFOPLIST_KEY_CFBundleDisplayName = UlusoyThenix;
				INFOPLIST_KEY_UIApplicationSupportsIndirectInputEvents = YES;
				INFOPLIST_KEY_UILaunchStoryboardName = LaunchScreen;
				INFOPLIST_KEY_UISupportedInterfaceOrientations_iPad = "UIInterfaceOrientationPortrait UIInterfaceOrientationPortraitUpsideDown UIInterfaceOrientationLandscapeLeft UIInterfaceOrientationLandscapeRight";
				INFOPLIST_KEY_UISupportedInterfaceOrientations_iPhone = "UIInterfaceOrientationPortrait UIInterfaceOrientationLandscapeLeft UIInterfaceOrientationLandscapeRight";
				IPHONEOS_DEPLOYMENT_TARGET = 13.0;
				LD_RUNPATH_SEARCH_PATHS = (
					"$(inherited)",
					"@executable_path/Frameworks",
				);
				MARKETING_VERSION = 1.0;
				PRODUCT_BUNDLE_IDENTIFIER = com.mertziya.UlusoyWorkout;
				PRODUCT_NAME = "$(TARGET_NAME)";
				SWIFT_EMIT_LOC_STRINGS = YES;
				SWIFT_VERSION = 5.0;
				TARGETED_DEVICE_FAMILY = "1,2";
			};
			name = Debug;
		};
		C66E32092D6A0B5300920570 /* Release */ = {
			isa = XCBuildConfiguration;
			baseConfigurationReference = F571FD1989AF841C940CBA19 /* Pods-UlusoyWorkout.release.xcconfig */;
			buildSettings = {
				ASSETCATALOG_COMPILER_APPICON_NAME = AppIcon;
				ASSETCATALOG_COMPILER_GLOBAL_ACCENT_COLOR_NAME = AccentColor;
				CODE_SIGN_STYLE = Automatic;
				CURRENT_PROJECT_VERSION = 1;
				DEVELOPMENT_TEAM = DU4MNZ89TN;
				ENABLE_USER_SCRIPT_SANDBOXING = NO;
				GENERATE_INFOPLIST_FILE = YES;
				INFOPLIST_FILE = UlusoyWorkout/Resources/Info.plist;
				INFOPLIST_KEY_CFBundleDisplayName = UlusoyThenix;
				INFOPLIST_KEY_UIApplicationSupportsIndirectInputEvents = YES;
				INFOPLIST_KEY_UILaunchStoryboardName = LaunchScreen;
				INFOPLIST_KEY_UISupportedInterfaceOrientations_iPad = "UIInterfaceOrientationPortrait UIInterfaceOrientationPortraitUpsideDown UIInterfaceOrientationLandscapeLeft UIInterfaceOrientationLandscapeRight";
				INFOPLIST_KEY_UISupportedInterfaceOrientations_iPhone = "UIInterfaceOrientationPortrait UIInterfaceOrientationLandscapeLeft UIInterfaceOrientationLandscapeRight";
				IPHONEOS_DEPLOYMENT_TARGET = 13.0;
				LD_RUNPATH_SEARCH_PATHS = (
					"$(inherited)",
					"@executable_path/Frameworks",
				);
				MARKETING_VERSION = 1.0;
				PRODUCT_BUNDLE_IDENTIFIER = com.mertziya.UlusoyWorkout;
				PRODUCT_NAME = "$(TARGET_NAME)";
				SWIFT_EMIT_LOC_STRINGS = YES;
				SWIFT_VERSION = 5.0;
				TARGETED_DEVICE_FAMILY = "1,2";
			};
			name = Release;
		};
		C66E320A2D6A0B5300920570 /* Debug */ = {
			isa = XCBuildConfiguration;
			buildSettings = {
				ALWAYS_SEARCH_USER_PATHS = NO;
				ASSETCATALOG_COMPILER_GENERATE_SWIFT_ASSET_SYMBOL_EXTENSIONS = YES;
				CLANG_ANALYZER_LOCALIZABILITY_NONLOCALIZED = YES;
				CLANG_ANALYZER_NONNULL = YES;
				CLANG_ANALYZER_NUMBER_OBJECT_CONVERSION = YES_AGGRESSIVE;
				CLANG_CXX_LANGUAGE_STANDARD = "gnu++20";
				CLANG_ENABLE_MODULES = YES;
				CLANG_ENABLE_OBJC_ARC = YES;
				CLANG_ENABLE_OBJC_WEAK = YES;
				CLANG_WARN_BLOCK_CAPTURE_AUTORELEASING = YES;
				CLANG_WARN_BOOL_CONVERSION = YES;
				CLANG_WARN_COMMA = YES;
				CLANG_WARN_CONSTANT_CONVERSION = YES;
				CLANG_WARN_DEPRECATED_OBJC_IMPLEMENTATIONS = YES;
				CLANG_WARN_DIRECT_OBJC_ISA_USAGE = YES_ERROR;
				CLANG_WARN_DOCUMENTATION_COMMENTS = YES;
				CLANG_WARN_EMPTY_BODY = YES;
				CLANG_WARN_ENUM_CONVERSION = YES;
				CLANG_WARN_INFINITE_RECURSION = YES;
				CLANG_WARN_INT_CONVERSION = YES;
				CLANG_WARN_NON_LITERAL_NULL_CONVERSION = YES;
				CLANG_WARN_OBJC_IMPLICIT_RETAIN_SELF = YES;
				CLANG_WARN_OBJC_LITERAL_CONVERSION = YES;
				CLANG_WARN_OBJC_ROOT_CLASS = YES_ERROR;
				CLANG_WARN_QUOTED_INCLUDE_IN_FRAMEWORK_HEADER = YES;
				CLANG_WARN_RANGE_LOOP_ANALYSIS = YES;
				CLANG_WARN_STRICT_PROTOTYPES = YES;
				CLANG_WARN_SUSPICIOUS_MOVE = YES;
				CLANG_WARN_UNGUARDED_AVAILABILITY = YES_AGGRESSIVE;
				CLANG_WARN_UNREACHABLE_CODE = YES;
				CLANG_WARN__DUPLICATE_METHOD_MATCH = YES;
				COPY_PHASE_STRIP = NO;
				DEBUG_INFORMATION_FORMAT = dwarf;
				ENABLE_STRICT_OBJC_MSGSEND = YES;
				ENABLE_TESTABILITY = YES;
				ENABLE_USER_SCRIPT_SANDBOXING = YES;
				GCC_C_LANGUAGE_STANDARD = gnu17;
				GCC_DYNAMIC_NO_PIC = NO;
				GCC_NO_COMMON_BLOCKS = YES;
				GCC_OPTIMIZATION_LEVEL = 0;
				GCC_PREPROCESSOR_DEFINITIONS = (
					"DEBUG=1",
					"$(inherited)",
				);
				GCC_WARN_64_TO_32_BIT_CONVERSION = YES;
				GCC_WARN_ABOUT_RETURN_TYPE = YES_ERROR;
				GCC_WARN_UNDECLARED_SELECTOR = YES;
				GCC_WARN_UNINITIALIZED_AUTOS = YES_AGGRESSIVE;
				GCC_WARN_UNUSED_FUNCTION = YES;
				GCC_WARN_UNUSED_VARIABLE = YES;
				IPHONEOS_DEPLOYMENT_TARGET = 18.1;
				LOCALIZATION_PREFERS_STRING_CATALOGS = YES;
				MTL_ENABLE_DEBUG_INFO = INCLUDE_SOURCE;
				MTL_FAST_MATH = YES;
				ONLY_ACTIVE_ARCH = YES;
				SDKROOT = iphoneos;
				SWIFT_ACTIVE_COMPILATION_CONDITIONS = "DEBUG $(inherited)";
				SWIFT_OPTIMIZATION_LEVEL = "-Onone";
			};
			name = Debug;
		};
		C66E320B2D6A0B5300920570 /* Release */ = {
			isa = XCBuildConfiguration;
			buildSettings = {
				ALWAYS_SEARCH_USER_PATHS = NO;
				ASSETCATALOG_COMPILER_GENERATE_SWIFT_ASSET_SYMBOL_EXTENSIONS = YES;
				CLANG_ANALYZER_LOCALIZABILITY_NONLOCALIZED = YES;
				CLANG_ANALYZER_NONNULL = YES;
				CLANG_ANALYZER_NUMBER_OBJECT_CONVERSION = YES_AGGRESSIVE;
				CLANG_CXX_LANGUAGE_STANDARD = "gnu++20";
				CLANG_ENABLE_MODULES = YES;
				CLANG_ENABLE_OBJC_ARC = YES;
				CLANG_ENABLE_OBJC_WEAK = YES;
				CLANG_WARN_BLOCK_CAPTURE_AUTORELEASING = YES;
				CLANG_WARN_BOOL_CONVERSION = YES;
				CLANG_WARN_COMMA = YES;
				CLANG_WARN_CONSTANT_CONVERSION = YES;
				CLANG_WARN_DEPRECATED_OBJC_IMPLEMENTATIONS = YES;
				CLANG_WARN_DIRECT_OBJC_ISA_USAGE = YES_ERROR;
				CLANG_WARN_DOCUMENTATION_COMMENTS = YES;
				CLANG_WARN_EMPTY_BODY = YES;
				CLANG_WARN_ENUM_CONVERSION = YES;
				CLANG_WARN_INFINITE_RECURSION = YES;
				CLANG_WARN_INT_CONVERSION = YES;
				CLANG_WARN_NON_LITERAL_NULL_CONVERSION = YES;
				CLANG_WARN_OBJC_IMPLICIT_RETAIN_SELF = YES;
				CLANG_WARN_OBJC_LITERAL_CONVERSION = YES;
				CLANG_WARN_OBJC_ROOT_CLASS = YES_ERROR;
				CLANG_WARN_QUOTED_INCLUDE_IN_FRAMEWORK_HEADER = YES;
				CLANG_WARN_RANGE_LOOP_ANALYSIS = YES;
				CLANG_WARN_STRICT_PROTOTYPES = YES;
				CLANG_WARN_SUSPICIOUS_MOVE = YES;
				CLANG_WARN_UNGUARDED_AVAILABILITY = YES_AGGRESSIVE;
				CLANG_WARN_UNREACHABLE_CODE = YES;
				CLANG_WARN__DUPLICATE_METHOD_MATCH = YES;
				COPY_PHASE_STRIP = NO;
				DEBUG_INFORMATION_FORMAT = "dwarf-with-dsym";
				ENABLE_NS_ASSERTIONS = NO;
				ENABLE_STRICT_OBJC_MSGSEND = YES;
				ENABLE_USER_SCRIPT_SANDBOXING = YES;
				GCC_C_LANGUAGE_STANDARD = gnu17;
				GCC_NO_COMMON_BLOCKS = YES;
				GCC_WARN_64_TO_32_BIT_CONVERSION = YES;
				GCC_WARN_ABOUT_RETURN_TYPE = YES_ERROR;
				GCC_WARN_UNDECLARED_SELECTOR = YES;
				GCC_WARN_UNINITIALIZED_AUTOS = YES_AGGRESSIVE;
				GCC_WARN_UNUSED_FUNCTION = YES;
				GCC_WARN_UNUSED_VARIABLE = YES;
				IPHONEOS_DEPLOYMENT_TARGET = 18.1;
				LOCALIZATION_PREFERS_STRING_CATALOGS = YES;
				MTL_ENABLE_DEBUG_INFO = NO;
				MTL_FAST_MATH = YES;
				SDKROOT = iphoneos;
				SWIFT_COMPILATION_MODE = wholemodule;
				VALIDATE_PRODUCT = YES;
			};
			name = Release;
		};
/* End XCBuildConfiguration section */

/* Begin XCConfigurationList section */
		C66E31EF2D6A0B5100920570 /* Build configuration list for PBXProject "UlusoyWorkout" */ = {
			isa = XCConfigurationList;
			buildConfigurations = (
				C66E320A2D6A0B5300920570 /* Debug */,
				C66E320B2D6A0B5300920570 /* Release */,
			);
			defaultConfigurationIsVisible = 0;
			defaultConfigurationName = Release;
		};
		C66E32072D6A0B5300920570 /* Build configuration list for PBXNativeTarget "UlusoyWorkout" */ = {
			isa = XCConfigurationList;
			buildConfigurations = (
				C66E32082D6A0B5300920570 /* Debug */,
				C66E32092D6A0B5300920570 /* Release */,
			);
			defaultConfigurationIsVisible = 0;
			defaultConfigurationName = Release;
		};
/* End XCConfigurationList section */
	};
	rootObject = C66E31EC2D6A0B5100920570 /* Project object */;
}
